
Microsoft Visual Studio Solution File, Format Version 12.00
# Visual Studio Version 16
VisualStudioVersion = 25.0.1704.0
MinimumVisualStudioVersion = 10.0.40219.1
Project("{FAE04EC0-301F-11D3-BF4B-00C04F79EFBC}") = "day6", "day6.csproj", "{16527491-31A4-4201-AFE5-1F35826163C0}"
EndProject
Global
	GlobalSection(SolutionConfigurationPlatforms) = preSolution
		Debug|Any CPU = Debug|Any CPU
		Release|Any CPU = Release|Any CPU
	EndGlobalSection
	GlobalSection(ProjectConfigurationPlatforms) = postSolution
		{16527491-31A4-4201-AFE5-1F35826163C0}.Debug|Any CPU.ActiveCfg = Debug|Any CPU
		{16527491-31A4-4201-AFE5-1F35826163C0}.Debug|Any CPU.Build.0 = Debug|Any CPU
		{16527491-31A4-4201-AFE5-1F35826163C0}.Release|Any CPU.ActiveCfg = Release|Any CPU
		{16527491-31A4-4201-AFE5-1F35826163C0}.Release|Any CPU.Build.0 = Release|Any CPU
	EndGlobalSection
	GlobalSection(SolutionProperties) = preSolution
		HideSolutionNode = FALSE
	EndGlobalSection
	GlobalSection(ExtensibilityGlobals) = postSolution
		SolutionGuid = {7C3F3302-605D-44CA-9252-3759D3941B8C}
	EndGlobalSection
EndGlobal
