
Microsoft Visual Studio Solution File, Format Version 12.00
# Visual Studio Version 16
VisualStudioVersion = 25.0.1704.0
MinimumVisualStudioVersion = 10.0.40219.1
Project("{FAE04EC0-301F-11D3-BF4B-00C04F79EFBC}") = "day2", "day2.csproj", "{1E654F43-5FD0-4EC7-BF44-BCE97CCD640B}"
EndProject
Global
	GlobalSection(SolutionConfigurationPlatforms) = preSolution
		Debug|Any CPU = Debug|Any CPU
		Release|Any CPU = Release|Any CPU
	EndGlobalSection
	GlobalSection(ProjectConfigurationPlatforms) = postSolution
		{1E654F43-5FD0-4EC7-BF44-BCE97CCD640B}.Debug|Any CPU.ActiveCfg = Debug|Any CPU
		{1E654F43-5FD0-4EC7-BF44-BCE97CCD640B}.Debug|Any CPU.Build.0 = Debug|Any CPU
		{1E654F43-5FD0-4EC7-BF44-BCE97CCD640B}.Release|Any CPU.ActiveCfg = Release|Any CPU
		{1E654F43-5FD0-4EC7-BF44-BCE97CCD640B}.Release|Any CPU.Build.0 = Release|Any CPU
	EndGlobalSection
	GlobalSection(SolutionProperties) = preSolution
		HideSolutionNode = FALSE
	EndGlobalSection
	GlobalSection(ExtensibilityGlobals) = postSolution
		SolutionGuid = {7BD05057-E133-46F1-B772-B3C181803380}
	EndGlobalSection
EndGlobal
